
Microsoft Visual Studio Solution File, Format Version 12.00
# Visual Studio Version 17
VisualStudioVersion = 17.10.35027.167
MinimumVisualStudioVersion = 10.0.40219.1
Project("{FAE04EC0-301F-11D3-BF4B-00C04F79EFBC}") = "fn-Review-Tracker", "fn-Review-Tracker\fn-Review-Tracker.csproj", "{6AFE6C54-9A77-4145-B2A4-96F48B5437D3}"
EndProject
Project("{FAE04EC0-301F-11D3-BF4B-00C04F79EFBC}") = "fn-Review-Tracker.Test", "fn-Review-Tracker.Test\fn-Review-Tracker.Test.csproj", "{F9A5EC62-5DD0-4BBA-B303-B4117C4211E6}"
EndProject
Global
	GlobalSection(SolutionConfigurationPlatforms) = preSolution
		Debug|Any CPU = Debug|Any CPU
		Release|Any CPU = Release|Any CPU
	EndGlobalSection
	GlobalSection(ProjectConfigurationPlatforms) = postSolution
		{6AFE6C54-9A77-4145-B2A4-96F48B5437D3}.Debug|Any CPU.ActiveCfg = Debug|Any CPU
		{6AFE6C54-9A77-4145-B2A4-96F48B5437D3}.Debug|Any CPU.Build.0 = Debug|Any CPU
		{6AFE6C54-9A77-4145-B2A4-96F48B5437D3}.Release|Any CPU.ActiveCfg = Release|Any CPU
		{6AFE6C54-9A77-4145-B2A4-96F48B5437D3}.Release|Any CPU.Build.0 = Release|Any CPU
		{F9A5EC62-5DD0-4BBA-B303-B4117C4211E6}.Debug|Any CPU.ActiveCfg = Debug|Any CPU
		{F9A5EC62-5DD0-4BBA-B303-B4117C4211E6}.Debug|Any CPU.Build.0 = Debug|Any CPU
		{F9A5EC62-5DD0-4BBA-B303-B4117C4211E6}.Release|Any CPU.ActiveCfg = Release|Any CPU
		{F9A5EC62-5DD0-4BBA-B303-B4117C4211E6}.Release|Any CPU.Build.0 = Release|Any CPU
	EndGlobalSection
	GlobalSection(SolutionProperties) = preSolution
		HideSolutionNode = FALSE
	EndGlobalSection
	GlobalSection(ExtensibilityGlobals) = postSolution
		SolutionGuid = {8D91A381-C84C-4627-9369-FCBA9F68DA42}
	EndGlobalSection
EndGlobal
